
Microsoft Visual Studio Solution File, Format Version 12.00
# Visual Studio 15
VisualStudioVersion = 15.0.25807.0
MinimumVisualStudioVersion = 10.0.40219.1
Project("{2150E333-8FDC-42A3-9474-1A3956D46DE8}") = "Engine", "Engine", "{2A3733D5-62F6-4246-9A03-16B776C02EBE}"
EndProject
Project("{2150E333-8FDC-42A3-9474-1A3956D46DE8}") = "Games", "Games", "{8755C387-69C3-4EBC-877F-FE86C164106F}"
EndProject
Project("{8BC9CEB8-8B4A-11D0-8D11-00A0C91BC942}") = "UE4", "Intermediate\ProjectFiles\UE4.vcxproj", "{1E04221E-A20A-4B73-A07F-DDC1ED9254CA}"
EndProject
Project("{8BC9CEB8-8B4A-11D0-8D11-00A0C91BC942}") = "BuildingEscape", "Intermediate\ProjectFiles\BuildingEscape.vcxproj", "{7FE999F1-60DE-4811-A7DB-FA58FF44DD71}"
EndProject
Global
	GlobalSection(SolutionConfigurationPlatforms) = preSolution
		DebugGame Editor|HTML5 = DebugGame Editor|HTML5
		DebugGame Editor|Win32 = DebugGame Editor|Win32
		DebugGame Editor|Win64 = DebugGame Editor|Win64
		DebugGame|HTML5 = DebugGame|HTML5
		DebugGame|Win32 = DebugGame|Win32
		DebugGame|Win64 = DebugGame|Win64
		Development Editor|HTML5 = Development Editor|HTML5
		Development Editor|Win32 = Development Editor|Win32
		Development Editor|Win64 = Development Editor|Win64
		Development|HTML5 = Development|HTML5
		Development|Win32 = Development|Win32
		Development|Win64 = Development|Win64
		Shipping|HTML5 = Shipping|HTML5
		Shipping|Win32 = Shipping|Win32
		Shipping|Win64 = Shipping|Win64
	EndGlobalSection
	GlobalSection(ProjectConfigurationPlatforms) = postSolution
		{7FE999F1-60DE-4811-A7DB-FA58FF44DD71}.DebugGame Editor|HTML5.ActiveCfg = HTML5_DebugGame_Editor|Win32
		{7FE999F1-60DE-4811-A7DB-FA58FF44DD71}.DebugGame Editor|Win32.ActiveCfg = DebugGame_Editor|Win32
		{7FE999F1-60DE-4811-A7DB-FA58FF44DD71}.DebugGame Editor|Win64.ActiveCfg = DebugGame_Editor|x64
		{7FE999F1-60DE-4811-A7DB-FA58FF44DD71}.DebugGame Editor|Win64.Build.0 = DebugGame_Editor|x64
		{7FE999F1-60DE-4811-A7DB-FA58FF44DD71}.DebugGame|HTML5.ActiveCfg = HTML5_DebugGame_Game|Win32
		{7FE999F1-60DE-4811-A7DB-FA58FF44DD71}.DebugGame|HTML5.Build.0 = HTML5_DebugGame_Game|Win32
		{7FE999F1-60DE-4811-A7DB-FA58FF44DD71}.DebugGame|Win32.ActiveCfg = DebugGame_Game|Win32
		{7FE999F1-60DE-4811-A7DB-FA58FF44DD71}.DebugGame|Win32.Build.0 = DebugGame_Game|Win32
		{7FE999F1-60DE-4811-A7DB-FA58FF44DD71}.DebugGame|Win64.ActiveCfg = DebugGame_Game|x64
		{7FE999F1-60DE-4811-A7DB-FA58FF44DD71}.DebugGame|Win64.Build.0 = DebugGame_Game|x64
		{7FE999F1-60DE-4811-A7DB-FA58FF44DD71}.Development Editor|HTML5.ActiveCfg = HTML5_Development_Editor|Win32
		{7FE999F1-60DE-4811-A7DB-FA58FF44DD71}.Development Editor|Win32.ActiveCfg = Development_Editor|Win32
		{7FE999F1-60DE-4811-A7DB-FA58FF44DD71}.Development Editor|Win64.ActiveCfg = Development_Editor|x64
		{7FE999F1-60DE-4811-A7DB-FA58FF44DD71}.Development Editor|Win64.Build.0 = Development_Editor|x64
		{7FE999F1-60DE-4811-A7DB-FA58FF44DD71}.Development|HTML5.ActiveCfg = HTML5_Development_Game|Win32
		{7FE999F1-60DE-4811-A7DB-FA58FF44DD71}.Development|HTML5.Build.0 = HTML5_Development_Game|Win32
		{7FE999F1-60DE-4811-A7DB-FA58FF44DD71}.Development|Win32.ActiveCfg = Development_Game|Win32
		{7FE999F1-60DE-4811-A7DB-FA58FF44DD71}.Development|Win32.Build.0 = Development_Game|Win32
		{7FE999F1-60DE-4811-A7DB-FA58FF44DD71}.Development|Win64.ActiveCfg = Development_Game|x64
		{7FE999F1-60DE-4811-A7DB-FA58FF44DD71}.Development|Win64.Build.0 = Development_Game|x64
		{7FE999F1-60DE-4811-A7DB-FA58FF44DD71}.Shipping|HTML5.ActiveCfg = HTML5_Shipping_Game|Win32
		{7FE999F1-60DE-4811-A7DB-FA58FF44DD71}.Shipping|HTML5.Build.0 = HTML5_Shipping_Game|Win32
		{7FE999F1-60DE-4811-A7DB-FA58FF44DD71}.Shipping|Win32.ActiveCfg = Shipping_Game|Win32
		{7FE999F1-60DE-4811-A7DB-FA58FF44DD71}.Shipping|Win32.Build.0 = Shipping_Game|Win32
		{7FE999F1-60DE-4811-A7DB-FA58FF44DD71}.Shipping|Win64.ActiveCfg = Shipping_Game|x64
		{7FE999F1-60DE-4811-A7DB-FA58FF44DD71}.Shipping|Win64.Build.0 = Shipping_Game|x64
	EndGlobalSection
	GlobalSection(SolutionProperties) = preSolution
		HideSolutionNode = FALSE
	EndGlobalSection
	GlobalSection(NestedProjects) = preSolution
		{1E04221E-A20A-4B73-A07F-DDC1ED9254CA} = {2A3733D5-62F6-4246-9A03-16B776C02EBE}
		{7FE999F1-60DE-4811-A7DB-FA58FF44DD71} = {8755C387-69C3-4EBC-877F-FE86C164106F}
	EndGlobalSection
EndGlobal
